
Microsoft Visual Studio Solution File, Format Version 12.00
# Visual Studio Version 17
VisualStudioVersion = 17.3.32929.385
MinimumVisualStudioVersion = 10.0.40219.1
Project("{9A19103F-16F7-4668-BE54-9A1E7A4F7556}") = "IdeaSystem", "IdeaSystem.csproj", "{033BAF54-5999-4335-9E0A-605BDF3EE8B7}"
EndProject
Project("{00D1A9C2-B5F0-4AF3-8072-F6C62B433612}") = "IdeaSystemDB", "..\IdeaSystemDB\IdeaSystemDB.sqlproj", "{19883F3B-44BE-4D09-B97E-E40975560CE5}"
EndProject
Global
	GlobalSection(SolutionConfigurationPlatforms) = preSolution
		Debug|Any CPU = Debug|Any CPU
		Release|Any CPU = Release|Any CPU
	EndGlobalSection
	GlobalSection(ProjectConfigurationPlatforms) = postSolution
		{033BAF54-5999-4335-9E0A-605BDF3EE8B7}.Debug|Any CPU.ActiveCfg = Debug|Any CPU
		{033BAF54-5999-4335-9E0A-605BDF3EE8B7}.Debug|Any CPU.Build.0 = Debug|Any CPU
		{033BAF54-5999-4335-9E0A-605BDF3EE8B7}.Release|Any CPU.ActiveCfg = Release|Any CPU
		{033BAF54-5999-4335-9E0A-605BDF3EE8B7}.Release|Any CPU.Build.0 = Release|Any CPU
		{19883F3B-44BE-4D09-B97E-E40975560CE5}.Debug|Any CPU.ActiveCfg = Debug|Any CPU
		{19883F3B-44BE-4D09-B97E-E40975560CE5}.Debug|Any CPU.Build.0 = Debug|Any CPU
		{19883F3B-44BE-4D09-B97E-E40975560CE5}.Debug|Any CPU.Deploy.0 = Debug|Any CPU
		{19883F3B-44BE-4D09-B97E-E40975560CE5}.Release|Any CPU.ActiveCfg = Release|Any CPU
		{19883F3B-44BE-4D09-B97E-E40975560CE5}.Release|Any CPU.Build.0 = Release|Any CPU
		{19883F3B-44BE-4D09-B97E-E40975560CE5}.Release|Any CPU.Deploy.0 = Release|Any CPU
	EndGlobalSection
	GlobalSection(SolutionProperties) = preSolution
		HideSolutionNode = FALSE
	EndGlobalSection
	GlobalSection(ExtensibilityGlobals) = postSolution
		SolutionGuid = {FB8DA24E-61B7-4B91-B119-BC763DDC8266}
	EndGlobalSection
EndGlobal
